// !$*UTF8*$!
{
	archiveVersion = 1;
	classes = {
	};
	objectVersion = 56;
	objects = {

/* Begin PBXBuildFile section */
		1FC38435296B6EB700B9F02F /* CustomSegmentedControlApp.swift in Sources */ = {isa = PBXBuildFile; fileRef = 1FC38434296B6EB700B9F02F /* CustomSegmentedControlApp.swift */; };
		1FC38437296B6EB700B9F02F /* CustomSegmentedControl.swift in Sources */ = {isa = PBXBuildFile; fileRef = 1FC38436296B6EB700B9F02F /* CustomSegmentedControl.swift */; };
		1FC38439296B6EB800B9F02F /* Assets.xcassets in Resources */ = {isa = PBXBuildFile; fileRef = 1FC38438296B6EB800B9F02F /* Assets.xcassets */; };
		1FC3843C296B6EB800B9F02F /* Preview Assets.xcassets in Resources */ = {isa = PBXBuildFile; fileRef = 1FC3843B296B6EB800B9F02F /* Preview Assets.xcassets */; };
		1FC38444296B6FCD00B9F02F /* ViewExtensions.swift in Sources */ = {isa = PBXBuildFile; fileRef = 1FC38443296B6FCD00B9F02F /* ViewExtensions.swift */; };
		1FC38447296B701600B9F02F /* MySegmentedControl.swift in Sources */ = {isa = PBXBuildFile; fileRef = 1FC38446296B701600B9F02F /* MySegmentedControl.swift */; };
		1FC38449296B704700B9F02F /* BackgroundGeometryReader.swift in Sources */ = {isa = PBXBuildFile; fileRef = 1FC38448296B704700B9F02F /* BackgroundGeometryReader.swift */; };
		1FC3844B296B705C00B9F02F /* SizeAwareViewModifier.swift in Sources */ = {isa = PBXBuildFile; fileRef = 1FC3844A296B705C00B9F02F /* SizeAwareViewModifier.swift */; };
		1FC3844D296B707800B9F02F /* SizePreferenceKey.swift in Sources */ = {isa = PBXBuildFile; fileRef = 1FC3844C296B707800B9F02F /* SizePreferenceKey.swift */; };
		1FC3844F296B713B00B9F02F /* ContentView.swift in Sources */ = {isa = PBXBuildFile; fileRef = 1FC3844E296B713B00B9F02F /* ContentView.swift */; };
		1FC38454296B71CF00B9F02F /* StoriesSegmentedType.swift in Sources */ = {isa = PBXBuildFile; fileRef = 1FC38453296B71CF00B9F02F /* StoriesSegmentedType.swift */; };
/* End PBXBuildFile section */

/* Begin PBXFileReference section */
		1FC38431296B6EB700B9F02F /* CustomSegmentedControl.app */ = {isa = PBXFileReference; explicitFileType = wrapper.application; includeInIndex = 0; path = CustomSegmentedControl.app; sourceTree = BUILT_PRODUCTS_DIR; };
		1FC38434296B6EB700B9F02F /* CustomSegmentedControlApp.swift */ = {isa = PBXFileReference; lastKnownFileType = sourcecode.swift; path = CustomSegmentedControlApp.swift; sourceTree = "<group>"; };
		1FC38436296B6EB700B9F02F /* CustomSegmentedControl.swift */ = {isa = PBXFileReference; lastKnownFileType = sourcecode.swift; path = CustomSegmentedControl.swift; sourceTree = "<group>"; };
		1FC38438296B6EB800B9F02F /* Assets.xcassets */ = {isa = PBXFileReference; lastKnownFileType = folder.assetcatalog; path = Assets.xcassets; sourceTree = "<group>"; };
		1FC3843B296B6EB800B9F02F /* Preview Assets.xcassets */ = {isa = PBXFileReference; lastKnownFileType = folder.assetcatalog; path = "Preview Assets.xcassets"; sourceTree = "<group>"; };
		1FC38443296B6FCD00B9F02F /* ViewExtensions.swift */ = {isa = PBXFileReference; lastKnownFileType = sourcecode.swift; path = ViewExtensions.swift; sourceTree = "<group>"; };
		1FC38446296B701600B9F02F /* MySegmentedControl.swift */ = {isa = PBXFileReference; lastKnownFileType = sourcecode.swift; path = MySegmentedControl.swift; sourceTree = "<group>"; };
		1FC38448296B704700B9F02F /* BackgroundGeometryReader.swift */ = {isa = PBXFileReference; lastKnownFileType = sourcecode.swift; path = BackgroundGeometryReader.swift; sourceTree = "<group>"; };
		1FC3844A296B705C00B9F02F /* SizeAwareViewModifier.swift */ = {isa = PBXFileReference; lastKnownFileType = sourcecode.swift; path = SizeAwareViewModifier.swift; sourceTree = "<group>"; };
		1FC3844C296B707800B9F02F /* SizePreferenceKey.swift */ = {isa = PBXFileReference; lastKnownFileType = sourcecode.swift; path = SizePreferenceKey.swift; sourceTree = "<group>"; };
		1FC3844E296B713B00B9F02F /* ContentView.swift */ = {isa = PBXFileReference; lastKnownFileType = sourcecode.swift; path = ContentView.swift; sourceTree = "<group>"; };
		1FC38453296B71CF00B9F02F /* StoriesSegmentedType.swift */ = {isa = PBXFileReference; lastKnownFileType = sourcecode.swift; path = StoriesSegmentedType.swift; sourceTree = "<group>"; };
/* End PBXFileReference section */

/* Begin PBXFrameworksBuildPhase section */
		1FC3842E296B6EB700B9F02F /* Frameworks */ = {
			isa = PBXFrameworksBuildPhase;
			buildActionMask = 2147483647;
			files = (
			);
			runOnlyForDeploymentPostprocessing = 0;
		};
/* End PBXFrameworksBuildPhase section */

/* Begin PBXGroup section */
		1FC38428296B6EB700B9F02F = {
			isa = PBXGroup;
			children = (
				1FC38433296B6EB700B9F02F /* CustomSegmentedControl */,
				1FC38432296B6EB700B9F02F /* Products */,
			);
			sourceTree = "<group>";
		};
		1FC38432296B6EB700B9F02F /* Products */ = {
			isa = PBXGroup;
			children = (
				1FC38431296B6EB700B9F02F /* CustomSegmentedControl.app */,
			);
			name = Products;
			sourceTree = "<group>";
		};
		1FC38433296B6EB700B9F02F /* CustomSegmentedControl */ = {
			isa = PBXGroup;
			children = (
				1FC38451296B716300B9F02F /* AppEntry */,
				1FC38452296B71BB00B9F02F /* Enums */,
				1FC38442296B6FBF00B9F02F /* Extensions */,
				1FC38445296B700300B9F02F /* Views */,
				1FC38438296B6EB800B9F02F /* Assets.xcassets */,
				1FC3843A296B6EB800B9F02F /* Preview Content */,
			);
			path = CustomSegmentedControl;
			sourceTree = "<group>";
		};
		1FC3843A296B6EB800B9F02F /* Preview Content */ = {
			isa = PBXGroup;
			children = (
				1FC3843B296B6EB800B9F02F /* Preview Assets.xcassets */,
			);
			path = "Preview Content";
			sourceTree = "<group>";
		};
		1FC38442296B6FBF00B9F02F /* Extensions */ = {
			isa = PBXGroup;
			children = (
				1FC38443296B6FCD00B9F02F /* ViewExtensions.swift */,
			);
			path = Extensions;
			sourceTree = "<group>";
		};
		1FC38445296B700300B9F02F /* Views */ = {
			isa = PBXGroup;
			children = (
				1FC3844E296B713B00B9F02F /* ContentView.swift */,
				1FC38450296B714A00B9F02F /* MySegmentedControl */,
			);
			path = Views;
			sourceTree = "<group>";
		};
		1FC38450296B714A00B9F02F /* MySegmentedControl */ = {
			isa = PBXGroup;
			children = (
				1FC38446296B701600B9F02F /* MySegmentedControl.swift */,
				1FC38436296B6EB700B9F02F /* CustomSegmentedControl.swift */,
				1FC38448296B704700B9F02F /* BackgroundGeometryReader.swift */,
				1FC3844A296B705C00B9F02F /* SizeAwareViewModifier.swift */,
				1FC3844C296B707800B9F02F /* SizePreferenceKey.swift */,
			);
			path = MySegmentedControl;
			sourceTree = "<group>";
		};
		1FC38451296B716300B9F02F /* AppEntry */ = {
			isa = PBXGroup;
			children = (
				1FC38434296B6EB700B9F02F /* CustomSegmentedControlApp.swift */,
			);
			path = AppEntry;
			sourceTree = "<group>";
		};
		1FC38452296B71BB00B9F02F /* Enums */ = {
			isa = PBXGroup;
			children = (
				1FC38453296B71CF00B9F02F /* StoriesSegmentedType.swift */,
			);
			path = Enums;
			sourceTree = "<group>";
		};
/* End PBXGroup section */

/* Begin PBXNativeTarget section */
		1FC38430296B6EB700B9F02F /* CustomSegmentedControl */ = {
			isa = PBXNativeTarget;
			buildConfigurationList = 1FC3843F296B6EB800B9F02F /* Build configuration list for PBXNativeTarget "CustomSegmentedControl" */;
			buildPhases = (
				1FC3842D296B6EB700B9F02F /* Sources */,
				1FC3842E296B6EB700B9F02F /* Frameworks */,
				1FC3842F296B6EB700B9F02F /* Resources */,
			);
			buildRules = (
			);
			dependencies = (
			);
			name = CustomSegmentedControl;
			productName = CustomSegmentedControl;
			productReference = 1FC38431296B6EB700B9F02F /* CustomSegmentedControl.app */;
			productType = "com.apple.product-type.application";
		};
/* End PBXNativeTarget section */

/* Begin PBXProject section */
		1FC38429296B6EB700B9F02F /* Project object */ = {
			isa = PBXProject;
			attributes = {
				BuildIndependentTargetsInParallel = 1;
				LastSwiftUpdateCheck = 1420;
				LastUpgradeCheck = 1420;
				TargetAttributes = {
					1FC38430296B6EB700B9F02F = {
						CreatedOnToolsVersion = 14.2;
					};
				};
			};
			buildConfigurationList = 1FC3842C296B6EB700B9F02F /* Build configuration list for PBXProject "CustomSegmentedControl" */;
			compatibilityVersion = "Xcode 14.0";
			developmentRegion = en;
			hasScannedForEncodings = 0;
			knownRegions = (
				en,
				Base,
			);
			mainGroup = 1FC38428296B6EB700B9F02F;
			productRefGroup = 1FC38432296B6EB700B9F02F /* Products */;
			projectDirPath = "";
			projectRoot = "";
			targets = (
				1FC38430296B6EB700B9F02F /* CustomSegmentedControl */,
			);
		};
/* End PBXProject section */

/* Begin PBXResourcesBuildPhase section */
		1FC3842F296B6EB700B9F02F /* Resources */ = {
			isa = PBXResourcesBuildPhase;
			buildActionMask = 2147483647;
			files = (
				1FC3843C296B6EB800B9F02F /* Preview Assets.xcassets in Resources */,
				1FC38439296B6EB800B9F02F /* Assets.xcassets in Resources */,
			);
			runOnlyForDeploymentPostprocessing = 0;
		};
/* End PBXResourcesBuildPhase section */

/* Begin PBXSourcesBuildPhase section */
		1FC3842D296B6EB700B9F02F /* Sources */ = {
			isa = PBXSourcesBuildPhase;
			buildActionMask = 2147483647;
			files = (
				1FC3844D296B707800B9F02F /* SizePreferenceKey.swift in Sources */,
				1FC38437296B6EB700B9F02F /* CustomSegmentedControl.swift in Sources */,
				1FC3844F296B713B00B9F02F /* ContentView.swift in Sources */,
				1FC38454296B71CF00B9F02F /* StoriesSegmentedType.swift in Sources */,
				1FC38444296B6FCD00B9F02F /* ViewExtensions.swift in Sources */,
				1FC38449296B704700B9F02F /* BackgroundGeometryReader.swift in Sources */,
				1FC38447296B701600B9F02F /* MySegmentedControl.swift in Sources */,
				1FC38435296B6EB700B9F02F /* CustomSegmentedControlApp.swift in Sources */,
				1FC3844B296B705C00B9F02F /* SizeAwareViewModifier.swift in Sources */,
			);
			runOnlyForDeploymentPostprocessing = 0;
		};
/* End PBXSourcesBuildPhase section */

/* Begin XCBuildConfiguration section */
		1FC3843D296B6EB800B9F02F /* Debug */ = {
			isa = XCBuildConfiguration;
			buildSettings = {
				ALWAYS_SEARCH_USER_PATHS = NO;
				CLANG_ANALYZER_NONNULL = YES;
				CLANG_ANALYZER_NUMBER_OBJECT_CONVERSION = YES_AGGRESSIVE;
				CLANG_CXX_LANGUAGE_STANDARD = "gnu++20";
				CLANG_ENABLE_MODULES = YES;
				CLANG_ENABLE_OBJC_ARC = YES;
				CLANG_ENABLE_OBJC_WEAK = YES;
				CLANG_WARN_BLOCK_CAPTURE_AUTORELEASING = YES;
				CLANG_WARN_BOOL_CONVERSION = YES;
				CLANG_WARN_COMMA = YES;
				CLANG_WARN_CONSTANT_CONVERSION = YES;
				CLANG_WARN_DEPRECATED_OBJC_IMPLEMENTATIONS = YES;
				CLANG_WARN_DIRECT_OBJC_ISA_USAGE = YES_ERROR;
				CLANG_WARN_DOCUMENTATION_COMMENTS = YES;
				CLANG_WARN_EMPTY_BODY = YES;
				CLANG_WARN_ENUM_CONVERSION = YES;
				CLANG_WARN_INFINITE_RECURSION = YES;
				CLANG_WARN_INT_CONVERSION = YES;
				CLANG_WARN_NON_LITERAL_NULL_CONVERSION = YES;
				CLANG_WARN_OBJC_IMPLICIT_RETAIN_SELF = YES;
				CLANG_WARN_OBJC_LITERAL_CONVERSION = YES;
				CLANG_WARN_OBJC_ROOT_CLASS = YES_ERROR;
				CLANG_WARN_QUOTED_INCLUDE_IN_FRAMEWORK_HEADER = YES;
				CLANG_WARN_RANGE_LOOP_ANALYSIS = YES;
				CLANG_WARN_STRICT_PROTOTYPES = YES;
				CLANG_WARN_SUSPICIOUS_MOVE = YES;
				CLANG_WARN_UNGUARDED_AVAILABILITY = YES_AGGRESSIVE;
				CLANG_WARN_UNREACHABLE_CODE = YES;
				CLANG_WARN__DUPLICATE_METHOD_MATCH = YES;
				COPY_PHASE_STRIP = NO;
				DEBUG_INFORMATION_FORMAT = dwarf;
				ENABLE_STRICT_OBJC_MSGSEND = YES;
				ENABLE_TESTABILITY = YES;
				GCC_C_LANGUAGE_STANDARD = gnu11;
				GCC_DYNAMIC_NO_PIC = NO;
				GCC_NO_COMMON_BLOCKS = YES;
				GCC_OPTIMIZATION_LEVEL = 0;
				GCC_PREPROCESSOR_DEFINITIONS = (
					"DEBUG=1",
					"$(inherited)",
				);
				GCC_WARN_64_TO_32_BIT_CONVERSION = YES;
				GCC_WARN_ABOUT_RETURN_TYPE = YES_ERROR;
				GCC_WARN_UNDECLARED_SELECTOR = YES;
				GCC_WARN_UNINITIALIZED_AUTOS = YES_AGGRESSIVE;
				GCC_WARN_UNUSED_FUNCTION = YES;
				GCC_WARN_UNUSED_VARIABLE = YES;
				IPHONEOS_DEPLOYMENT_TARGET = 16.2;
				MTL_ENABLE_DEBUG_INFO = INCLUDE_SOURCE;
				MTL_FAST_MATH = YES;
				ONLY_ACTIVE_ARCH = YES;
				SDKROOT = iphoneos;
				SWIFT_ACTIVE_COMPILATION_CONDITIONS = DEBUG;
				SWIFT_OPTIMIZATION_LEVEL = "-Onone";
			};
			name = Debug;
		};
		1FC3843E296B6EB800B9F02F /* Release */ = {
			isa = XCBuildConfiguration;
			buildSettings = {
				ALWAYS_SEARCH_USER_PATHS = NO;
				CLANG_ANALYZER_NONNULL = YES;
				CLANG_ANALYZER_NUMBER_OBJECT_CONVERSION = YES_AGGRESSIVE;
				CLANG_CXX_LANGUAGE_STANDARD = "gnu++20";
				CLANG_ENABLE_MODULES = YES;
				CLANG_ENABLE_OBJC_ARC = YES;
				CLANG_ENABLE_OBJC_WEAK = YES;
				CLANG_WARN_BLOCK_CAPTURE_AUTORELEASING = YES;
				CLANG_WARN_BOOL_CONVERSION = YES;
				CLANG_WARN_COMMA = YES;
				CLANG_WARN_CONSTANT_CONVERSION = YES;
				CLANG_WARN_DEPRECATED_OBJC_IMPLEMENTATIONS = YES;
				CLANG_WARN_DIRECT_OBJC_ISA_USAGE = YES_ERROR;
				CLANG_WARN_DOCUMENTATION_COMMENTS = YES;
				CLANG_WARN_EMPTY_BODY = YES;
				CLANG_WARN_ENUM_CONVERSION = YES;
				CLANG_WARN_INFINITE_RECURSION = YES;
				CLANG_WARN_INT_CONVERSION = YES;
				CLANG_WARN_NON_LITERAL_NULL_CONVERSION = YES;
				CLANG_WARN_OBJC_IMPLICIT_RETAIN_SELF = YES;
				CLANG_WARN_OBJC_LITERAL_CONVERSION = YES;
				CLANG_WARN_OBJC_ROOT_CLASS = YES_ERROR;
				CLANG_WARN_QUOTED_INCLUDE_IN_FRAMEWORK_HEADER = YES;
				CLANG_WARN_RANGE_LOOP_ANALYSIS = YES;
				CLANG_WARN_STRICT_PROTOTYPES = YES;
				CLANG_WARN_SUSPICIOUS_MOVE = YES;
				CLANG_WARN_UNGUARDED_AVAILABILITY = YES_AGGRESSIVE;
				CLANG_WARN_UNREACHABLE_CODE = YES;
				CLANG_WARN__DUPLICATE_METHOD_MATCH = YES;
				COPY_PHASE_STRIP = NO;
				DEBUG_INFORMATION_FORMAT = "dwarf-with-dsym";
				ENABLE_NS_ASSERTIONS = NO;
				ENABLE_STRICT_OBJC_MSGSEND = YES;
				GCC_C_LANGUAGE_STANDARD = gnu11;
				GCC_NO_COMMON_BLOCKS = YES;
				GCC_WARN_64_TO_32_BIT_CONVERSION = YES;
				GCC_WARN_ABOUT_RETURN_TYPE = YES_ERROR;
				GCC_WARN_UNDECLARED_SELECTOR = YES;
				GCC_WARN_UNINITIALIZED_AUTOS = YES_AGGRESSIVE;
				GCC_WARN_UNUSED_FUNCTION = YES;
				GCC_WARN_UNUSED_VARIABLE = YES;
				IPHONEOS_DEPLOYMENT_TARGET = 16.2;
				MTL_ENABLE_DEBUG_INFO = NO;
				MTL_FAST_MATH = YES;
				SDKROOT = iphoneos;
				SWIFT_COMPILATION_MODE = wholemodule;
				SWIFT_OPTIMIZATION_LEVEL = "-O";
				VALIDATE_PRODUCT = YES;
			};
			name = Release;
		};
		1FC38440296B6EB800B9F02F /* Debug */ = {
			isa = XCBuildConfiguration;
			buildSettings = {
				ASSETCATALOG_COMPILER_APPICON_NAME = AppIcon;
				ASSETCATALOG_COMPILER_GLOBAL_ACCENT_COLOR_NAME = AccentColor;
				CODE_SIGN_STYLE = Automatic;
				CURRENT_PROJECT_VERSION = 1;
				DEVELOPMENT_ASSET_PATHS = "\"CustomSegmentedControl/Preview Content\"";
				DEVELOPMENT_TEAM = UTG2V2H3FK;
				ENABLE_PREVIEWS = YES;
				GENERATE_INFOPLIST_FILE = YES;
				INFOPLIST_KEY_UIApplicationSceneManifest_Generation = YES;
				INFOPLIST_KEY_UIApplicationSupportsIndirectInputEvents = YES;
				INFOPLIST_KEY_UILaunchScreen_Generation = YES;
				INFOPLIST_KEY_UISupportedInterfaceOrientations_iPad = "UIInterfaceOrientationPortrait UIInterfaceOrientationPortraitUpsideDown UIInterfaceOrientationLandscapeLeft UIInterfaceOrientationLandscapeRight";
				INFOPLIST_KEY_UISupportedInterfaceOrientations_iPhone = "UIInterfaceOrientationPortrait UIInterfaceOrientationLandscapeLeft UIInterfaceOrientationLandscapeRight";
				IPHONEOS_DEPLOYMENT_TARGET = 14.0;
				LD_RUNPATH_SEARCH_PATHS = (
					"$(inherited)",
					"@executable_path/Frameworks",
				);
				MARKETING_VERSION = 1.0;
				PRODUCT_BUNDLE_IDENTIFIER = ro.deltaapps.CustomSegmentedControl;
				PRODUCT_NAME = "$(TARGET_NAME)";
				SWIFT_EMIT_LOC_STRINGS = YES;
				SWIFT_VERSION = 5.0;
				TARGETED_DEVICE_FAMILY = "1,2";
			};
			name = Debug;
		};
		1FC38441296B6EB800B9F02F /* Release */ = {
			isa = XCBuildConfiguration;
			buildSettings = {
				ASSETCATALOG_COMPILER_APPICON_NAME = AppIcon;
				ASSETCATALOG_COMPILER_GLOBAL_ACCENT_COLOR_NAME = AccentColor;
				CODE_SIGN_STYLE = Automatic;
				CURRENT_PROJECT_VERSION = 1;
				DEVELOPMENT_ASSET_PATHS = "\"CustomSegmentedControl/Preview Content\"";
				DEVELOPMENT_TEAM = UTG2V2H3FK;
				ENABLE_PREVIEWS = YES;
				GENERATE_INFOPLIST_FILE = YES;
				INFOPLIST_KEY_UIApplicationSceneManifest_Generation = YES;
				INFOPLIST_KEY_UIApplicationSupportsIndirectInputEvents = YES;
				INFOPLIST_KEY_UILaunchScreen_Generation = YES;
				INFOPLIST_KEY_UISupportedInterfaceOrientations_iPad = "UIInterfaceOrientationPortrait UIInterfaceOrientationPortraitUpsideDown UIInterfaceOrientationLandscapeLeft UIInterfaceOrientationLandscapeRight";
				INFOPLIST_KEY_UISupportedInterfaceOrientations_iPhone = "UIInterfaceOrientationPortrait UIInterfaceOrientationLandscapeLeft UIInterfaceOrientationLandscapeRight";
				IPHONEOS_DEPLOYMENT_TARGET = 14.0;
				LD_RUNPATH_SEARCH_PATHS = (
					"$(inherited)",
					"@executable_path/Frameworks",
				);
				MARKETING_VERSION = 1.0;
				PRODUCT_BUNDLE_IDENTIFIER = ro.deltaapps.CustomSegmentedControl;
				PRODUCT_NAME = "$(TARGET_NAME)";
				SWIFT_EMIT_LOC_STRINGS = YES;
				SWIFT_VERSION = 5.0;
				TARGETED_DEVICE_FAMILY = "1,2";
			};
			name = Release;
		};
/* End XCBuildConfiguration section */

/* Begin XCConfigurationList section */
		1FC3842C296B6EB700B9F02F /* Build configuration list for PBXProject "CustomSegmentedControl" */ = {
			isa = XCConfigurationList;
			buildConfigurations = (
				1FC3843D296B6EB800B9F02F /* Debug */,
				1FC3843E296B6EB800B9F02F /* Release */,
			);
			defaultConfigurationIsVisible = 0;
			defaultConfigurationName = Release;
		};
		1FC3843F296B6EB800B9F02F /* Build configuration list for PBXNativeTarget "CustomSegmentedControl" */ = {
			isa = XCConfigurationList;
			buildConfigurations = (
				1FC38440296B6EB800B9F02F /* Debug */,
				1FC38441296B6EB800B9F02F /* Release */,
			);
			defaultConfigurationIsVisible = 0;
			defaultConfigurationName = Release;
		};
/* End XCConfigurationList section */
	};
	rootObject = 1FC38429296B6EB700B9F02F /* Project object */;
}
